
Microsoft Visual Studio Solution File, Format Version 12.00
# Visual Studio Version 17
VisualStudioVersion = 17.4.33403.182
MinimumVisualStudioVersion = 10.0.40219.1
Project("{FAE04EC0-301F-11D3-BF4B-00C04F79EFBC}") = "Tetris", "Tetris.csproj", "{48AE3761-5B7C-4716-AE92-6FCDB5EBF904}"
EndProject
Global
	GlobalSection(SolutionConfigurationPlatforms) = preSolution
		Debug|Any CPU = Debug|Any CPU
		Release|Any CPU = Release|Any CPU
	EndGlobalSection
	GlobalSection(ProjectConfigurationPlatforms) = postSolution
		{48AE3761-5B7C-4716-AE92-6FCDB5EBF904}.Debug|Any CPU.ActiveCfg = Debug|Any CPU
		{48AE3761-5B7C-4716-AE92-6FCDB5EBF904}.Debug|Any CPU.Build.0 = Debug|Any CPU
		{48AE3761-5B7C-4716-AE92-6FCDB5EBF904}.Release|Any CPU.ActiveCfg = Release|Any CPU
		{48AE3761-5B7C-4716-AE92-6FCDB5EBF904}.Release|Any CPU.Build.0 = Release|Any CPU
	EndGlobalSection
	GlobalSection(SolutionProperties) = preSolution
		HideSolutionNode = FALSE
	EndGlobalSection
	GlobalSection(ExtensibilityGlobals) = postSolution
		SolutionGuid = {9CE05EDB-696F-4B82-9333-B5C57DFC085E}
	EndGlobalSection
EndGlobal
